{
  "requires": true,
  "lockfileVersion": 1,
  "dependencies": {
    "ngx-uploader": {
      "version": "4.2.2",
      "resolved": "https://registry.npmjs.org/ngx-uploader/-/ngx-uploader-4.2.2.tgz",
      "integrity": "sha512-chqN3p27Egcw2te/RQFBJa35tGy3OrUSMcyUw00vfepySyfyJpPg/YCr0J5Duv3PquG5P99k60fKFMSxarpdFQ=="
    }
  }
}
